
Microsoft Visual Studio Solution File, Format Version 11.00
# Visual Studio 2010
Project("{FAE04EC0-301F-11D3-BF4B-00C04F79EFBC}") = "Example 16-9", "Example 16-9\Example 16-9.csproj", "{24137F5A-F21D-46C3-9AA2-3E36DF2AFE00}"
EndProject
Global
	GlobalSection(SolutionConfigurationPlatforms) = preSolution
		Debug|x86 = Debug|x86
		Release|x86 = Release|x86
	EndGlobalSection
	GlobalSection(ProjectConfigurationPlatforms) = postSolution
		{24137F5A-F21D-46C3-9AA2-3E36DF2AFE00}.Debug|x86.ActiveCfg = Debug|x86
		{24137F5A-F21D-46C3-9AA2-3E36DF2AFE00}.Debug|x86.Build.0 = Debug|x86
		{24137F5A-F21D-46C3-9AA2-3E36DF2AFE00}.Release|x86.ActiveCfg = Release|x86
		{24137F5A-F21D-46C3-9AA2-3E36DF2AFE00}.Release|x86.Build.0 = Release|x86
	EndGlobalSection
	GlobalSection(SolutionProperties) = preSolution
		HideSolutionNode = FALSE
	EndGlobalSection
EndGlobal
